
Microsoft Visual Studio Solution File, Format Version 12.00
# Visual Studio Version 16
VisualStudioVersion = 16.0.29411.108
MinimumVisualStudioVersion = 10.0.40219.1
Project("{FAE04EC0-301F-11D3-BF4B-00C04F79EFBC}") = "explicit_interface", "explicit_interface.csproj", "{0A777CF4-6DDB-4DCC-8A20-856B3E5729E1}"
EndProject
Global
	GlobalSection(SolutionConfigurationPlatforms) = preSolution
		Debug|Any CPU = Debug|Any CPU
		Release|Any CPU = Release|Any CPU
	EndGlobalSection
	GlobalSection(ProjectConfigurationPlatforms) = postSolution
		{0A777CF4-6DDB-4DCC-8A20-856B3E5729E1}.Debug|Any CPU.ActiveCfg = Debug|Any CPU
		{0A777CF4-6DDB-4DCC-8A20-856B3E5729E1}.Debug|Any CPU.Build.0 = Debug|Any CPU
		{0A777CF4-6DDB-4DCC-8A20-856B3E5729E1}.Release|Any CPU.ActiveCfg = Release|Any CPU
		{0A777CF4-6DDB-4DCC-8A20-856B3E5729E1}.Release|Any CPU.Build.0 = Release|Any CPU
	EndGlobalSection
	GlobalSection(SolutionProperties) = preSolution
		HideSolutionNode = FALSE
	EndGlobalSection
	GlobalSection(ExtensibilityGlobals) = postSolution
		SolutionGuid = {2D459F45-EB8F-478A-BD51-AE2BAE5884E5}
	EndGlobalSection
EndGlobal
